
Microsoft Visual Studio Solution File, Format Version 12.00
# Visual Studio 2013
VisualStudioVersion = 12.0.21005.1
MinimumVisualStudioVersion = 10.0.40219.1
Project("{FAE04EC0-301F-11D3-BF4B-00C04F79EFBC}") = "Jira.Extension.RepositoryApi", "Jira.Extension.RepositoryApi\Jira.Extension.RepositoryApi.csproj", "{A59AB295-C4B2-4265-B73E-034953925889}"
EndProject
Project("{FAE04EC0-301F-11D3-BF4B-00C04F79EFBC}") = "Jira.Extension.RepoBase", "Jira.Extension.RepoBase\Jira.Extension.RepoBase.csproj", "{73F2126C-DD82-4659-95FB-D2097E343BE1}"
EndProject
Project("{2150E333-8FDC-42A3-9474-1A3956D46DE8}") = ".nuget", ".nuget", "{56DDF491-9ACE-478B-AD98-9A5D303A9040}"
	ProjectSection(SolutionItems) = preProject
		.nuget\NuGet.Config = .nuget\NuGet.Config
		.nuget\NuGet.exe = .nuget\NuGet.exe
		.nuget\NuGet.targets = .nuget\NuGet.targets
	EndProjectSection
EndProject
Project("{FAE04EC0-301F-11D3-BF4B-00C04F79EFBC}") = "Jira.Extension.Common", "Jira.Extension.Common\Jira.Extension.Common.csproj", "{D454704B-52BA-4CB6-862D-8A502D4CFA4F}"
EndProject
Global
	GlobalSection(SolutionConfigurationPlatforms) = preSolution
		Debug|Any CPU = Debug|Any CPU
		Release|Any CPU = Release|Any CPU
	EndGlobalSection
	GlobalSection(ProjectConfigurationPlatforms) = postSolution
		{A59AB295-C4B2-4265-B73E-034953925889}.Debug|Any CPU.ActiveCfg = Debug|Any CPU
		{A59AB295-C4B2-4265-B73E-034953925889}.Debug|Any CPU.Build.0 = Debug|Any CPU
		{A59AB295-C4B2-4265-B73E-034953925889}.Release|Any CPU.ActiveCfg = Release|Any CPU
		{A59AB295-C4B2-4265-B73E-034953925889}.Release|Any CPU.Build.0 = Release|Any CPU
		{73F2126C-DD82-4659-95FB-D2097E343BE1}.Debug|Any CPU.ActiveCfg = Debug|Any CPU
		{73F2126C-DD82-4659-95FB-D2097E343BE1}.Debug|Any CPU.Build.0 = Debug|Any CPU
		{73F2126C-DD82-4659-95FB-D2097E343BE1}.Release|Any CPU.ActiveCfg = Release|Any CPU
		{73F2126C-DD82-4659-95FB-D2097E343BE1}.Release|Any CPU.Build.0 = Release|Any CPU
		{D454704B-52BA-4CB6-862D-8A502D4CFA4F}.Debug|Any CPU.ActiveCfg = Debug|Any CPU
		{D454704B-52BA-4CB6-862D-8A502D4CFA4F}.Debug|Any CPU.Build.0 = Debug|Any CPU
		{D454704B-52BA-4CB6-862D-8A502D4CFA4F}.Release|Any CPU.ActiveCfg = Release|Any CPU
		{D454704B-52BA-4CB6-862D-8A502D4CFA4F}.Release|Any CPU.Build.0 = Release|Any CPU
	EndGlobalSection
	GlobalSection(SolutionProperties) = preSolution
		HideSolutionNode = FALSE
	EndGlobalSection
	GlobalSection(ExtensibilityGlobals) = postSolution
		EnterpriseLibraryConfigurationToolBinariesPathV6 = packages\EnterpriseLibrary.Common.6.0.1304.0\lib\NET45
	EndGlobalSection
EndGlobal
